// !$*UTF8*$!
{
	archiveVersion = 1;
	classes = {
	};
	objectVersion = 56;
	objects = {

/* Begin PBXBuildFile section */
		6E23F93B2C0A5A2200B4CB8D /* uploadimg.swift in Sources */ = {isa = PBXBuildFile; fileRef = 6E23F93A2C0A5A2200B4CB8D /* uploadimg.swift */; };
		6E23FA082C0D39E200B4CB8D /* userprofile02.swift in Sources */ = {isa = PBXBuildFile; fileRef = 6E23FA072C0D39E200B4CB8D /* userprofile02.swift */; };
		6E23FA0A2C0D3A5000B4CB8D /* phpThumb_generated_thumbnail-removebg-preview.png in Resources */ = {isa = PBXBuildFile; fileRef = 6E23FA092C0D3A5000B4CB8D /* phpThumb_generated_thumbnail-removebg-preview.png */; };
		6E23FA0C2C0D6EAF00B4CB8D /* logout.swift in Sources */ = {isa = PBXBuildFile; fileRef = 6E23FA0B2C0D6EAF00B4CB8D /* logout.swift */; };
		6E23FA0E2C0D745700B4CB8D /* loginform.swift in Sources */ = {isa = PBXBuildFile; fileRef = 6E23FA0D2C0D745700B4CB8D /* loginform.swift */; };
		6E23FA102C0D753D00B4CB8D /* loginfunction.swift in Sources */ = {isa = PBXBuildFile; fileRef = 6E23FA0F2C0D753D00B4CB8D /* loginfunction.swift */; };
		6E23FA122C0D78F300B4CB8D /* userprofile1.swift in Sources */ = {isa = PBXBuildFile; fileRef = 6E23FA112C0D78F300B4CB8D /* userprofile1.swift */; };
		6E23FA142C0D799900B4CB8D /* userprofile2.swift in Sources */ = {isa = PBXBuildFile; fileRef = 6E23FA132C0D799900B4CB8D /* userprofile2.swift */; };
		6E23FA162C0D79D300B4CB8D /* grids.swift in Sources */ = {isa = PBXBuildFile; fileRef = 6E23FA152C0D79D300B4CB8D /* grids.swift */; };
		6E23FA182C0D7A2900B4CB8D /* profile.swift in Sources */ = {isa = PBXBuildFile; fileRef = 6E23FA172C0D7A2900B4CB8D /* profile.swift */; };
		6E23FA1A2C0D7A6900B4CB8D /* commentbox.swift in Sources */ = {isa = PBXBuildFile; fileRef = 6E23FA192C0D7A6900B4CB8D /* commentbox.swift */; };
		6E23FA1C2C0D890700B4CB8D /* usermodel.swift in Sources */ = {isa = PBXBuildFile; fileRef = 6E23FA1B2C0D890700B4CB8D /* usermodel.swift */; };
		6E23FA1E2C0D8ACC00B4CB8D /* userprofileblocks.swift in Sources */ = {isa = PBXBuildFile; fileRef = 6E23FA1D2C0D8ACC00B4CB8D /* userprofileblocks.swift */; };
		6E23FA222C0D922600B4CB8D /* userprofile03.swift in Sources */ = {isa = PBXBuildFile; fileRef = 6E23FA212C0D922600B4CB8D /* userprofile03.swift */; };
		6E23FA242C0D9B8100B4CB8D /* uploadfunction.swift in Sources */ = {isa = PBXBuildFile; fileRef = 6E23FA232C0D9B8100B4CB8D /* uploadfunction.swift */; };
		6E23FA262C0D9CEF00B4CB8D /* userprofile04.swift in Sources */ = {isa = PBXBuildFile; fileRef = 6E23FA252C0D9CEF00B4CB8D /* userprofile04.swift */; };
		6E23FA282C0D9EC300B4CB8D /* userprofile01.swift in Sources */ = {isa = PBXBuildFile; fileRef = 6E23FA272C0D9EC300B4CB8D /* userprofile01.swift */; };
		6E23FA2A2C0E397000B4CB8D /* session.swift in Sources */ = {isa = PBXBuildFile; fileRef = 6E23FA292C0E397000B4CB8D /* session.swift */; };
		6E23FA352C0F6B6300B4CB8D /* Wildy-Sans.ttf in Resources */ = {isa = PBXBuildFile; fileRef = 6E23FA302C0F6B6300B4CB8D /* Wildy-Sans.ttf */; };
		6E23FA362C0F6B6300B4CB8D /* VarsityTeam-Bold.otf in Resources */ = {isa = PBXBuildFile; fileRef = 6E23FA312C0F6B6300B4CB8D /* VarsityTeam-Bold.otf */; };
		6E23FA372C0F6B6300B4CB8D /* CaviarDreams.ttf in Resources */ = {isa = PBXBuildFile; fileRef = 6E23FA322C0F6B6300B4CB8D /* CaviarDreams.ttf */; };
		6E23FA382C0F6B6300B4CB8D /* Winter Wind.ttf in Resources */ = {isa = PBXBuildFile; fileRef = 6E23FA332C0F6B6300B4CB8D /* Winter Wind.ttf */; };
		6E23FA392C0F6B6300B4CB8D /* varsity_regular.ttf in Resources */ = {isa = PBXBuildFile; fileRef = 6E23FA342C0F6B6300B4CB8D /* varsity_regular.ttf */; };
		6E23FA3D2C0F714500B4CB8D /* splash.png in Resources */ = {isa = PBXBuildFile; fileRef = 6E23FA3C2C0F714500B4CB8D /* splash.png */; };
		6E23FA3F2C0F739600B4CB8D /* propic.png in Resources */ = {isa = PBXBuildFile; fileRef = 6E23FA3E2C0F739600B4CB8D /* propic.png */; };
		6E23FA412C0F7E0100B4CB8D /* headshots.swift in Sources */ = {isa = PBXBuildFile; fileRef = 6E23FA402C0F7E0100B4CB8D /* headshots.swift */; };
		6E23FA432C0F7E4200B4CB8D /* lookupbox.swift in Sources */ = {isa = PBXBuildFile; fileRef = 6E23FA422C0F7E4200B4CB8D /* lookupbox.swift */; };
		6E23FA482C0F7EBA00B4CB8D /* Searchfor.swift in Sources */ = {isa = PBXBuildFile; fileRef = 6E23FA442C0F7EBA00B4CB8D /* Searchfor.swift */; };
		6E23FA492C0F7EBA00B4CB8D /* MyTabbar.swift in Sources */ = {isa = PBXBuildFile; fileRef = 6E23FA452C0F7EBA00B4CB8D /* MyTabbar.swift */; };
		6E23FA4A2C0F7EBA00B4CB8D /* Sampledata.swift in Sources */ = {isa = PBXBuildFile; fileRef = 6E23FA462C0F7EBA00B4CB8D /* Sampledata.swift */; };
		6E23FA4B2C0F7EBA00B4CB8D /* tb.swift in Sources */ = {isa = PBXBuildFile; fileRef = 6E23FA472C0F7EBA00B4CB8D /* tb.swift */; };
		6E23FA542C0F818800B4CB8D /* piv.swift in Sources */ = {isa = PBXBuildFile; fileRef = 6E23FA4E2C0F818800B4CB8D /* piv.swift */; };
		6E23FA552C0F818800B4CB8D /* SuperlativesApp.swift in Sources */ = {isa = PBXBuildFile; fileRef = 6E23FA4F2C0F818800B4CB8D /* SuperlativesApp.swift */; };
		6E23FA562C0F818800B4CB8D /* CategoryView.swift in Sources */ = {isa = PBXBuildFile; fileRef = 6E23FA502C0F818800B4CB8D /* CategoryView.swift */; };
		6E23FA572C0F818800B4CB8D /* CustomTab.swift in Sources */ = {isa = PBXBuildFile; fileRef = 6E23FA512C0F818800B4CB8D /* CustomTab.swift */; };
		6E23FA582C0F818800B4CB8D /* AlertView.swift in Sources */ = {isa = PBXBuildFile; fileRef = 6E23FA522C0F818800B4CB8D /* AlertView.swift */; };
		6E23FA592C0F818800B4CB8D /* NotificationsView.swift in Sources */ = {isa = PBXBuildFile; fileRef = 6E23FA532C0F818800B4CB8D /* NotificationsView.swift */; };
		6E23FA5B2C0F843600B4CB8D /* sup.swift in Sources */ = {isa = PBXBuildFile; fileRef = 6E23FA5A2C0F843600B4CB8D /* sup.swift */; };
		6E23FA5E2C0FADC700B4CB8D /* tabstonavigate.swift in Sources */ = {isa = PBXBuildFile; fileRef = 6E23FA5D2C0FADC700B4CB8D /* tabstonavigate.swift */; };
		6E41EF762BF28978003EF5DE /* fprojectApp.swift in Sources */ = {isa = PBXBuildFile; fileRef = 6E41EF752BF28978003EF5DE /* fprojectApp.swift */; };
		6E41EF782BF28978003EF5DE /* ContentView.swift in Sources */ = {isa = PBXBuildFile; fileRef = 6E41EF772BF28978003EF5DE /* ContentView.swift */; };
		6E41EF7A2BF2897A003EF5DE /* Assets.xcassets in Resources */ = {isa = PBXBuildFile; fileRef = 6E41EF792BF2897A003EF5DE /* Assets.xcassets */; };
		6E41EF7D2BF2897A003EF5DE /* Preview Assets.xcassets in Resources */ = {isa = PBXBuildFile; fileRef = 6E41EF7C2BF2897A003EF5DE /* Preview Assets.xcassets */; };
		6E41EF842BF28A9C003EF5DE /* scroll.swift in Sources */ = {isa = PBXBuildFile; fileRef = 6E41EF832BF28A9C003EF5DE /* scroll.swift */; };
		6E41EF862BF2952E003EF5DE /* scroll2.swift in Sources */ = {isa = PBXBuildFile; fileRef = 6E41EF852BF2952E003EF5DE /* scroll2.swift */; };
		6E41EF882BF3E08D003EF5DE /* scroll3.swift in Sources */ = {isa = PBXBuildFile; fileRef = 6E41EF872BF3E08D003EF5DE /* scroll3.swift */; };
		6E41EF8A2BF5222A003EF5DE /* page1.swift in Sources */ = {isa = PBXBuildFile; fileRef = 6E41EF892BF5222A003EF5DE /* page1.swift */; };
		6E41EF8C2BF5528B003EF5DE /* page1a.swift in Sources */ = {isa = PBXBuildFile; fileRef = 6E41EF8B2BF5528B003EF5DE /* page1a.swift */; };
		6E41EF8E2BF7ECE2003EF5DE /* signin.swift in Sources */ = {isa = PBXBuildFile; fileRef = 6E41EF8D2BF7ECE2003EF5DE /* signin.swift */; };
		6E41EF902BF7EDB3003EF5DE /* signin2.swift in Sources */ = {isa = PBXBuildFile; fileRef = 6E41EF8F2BF7EDB3003EF5DE /* signin2.swift */; };
		6E5468B22C176B2A00172E57 /* webegress.swift in Sources */ = {isa = PBXBuildFile; fileRef = 6E5468B12C176B2A00172E57 /* webegress.swift */; };
		6E5468B42C176D0F00172E57 /* webview.swift in Sources */ = {isa = PBXBuildFile; fileRef = 6E5468B32C176D0F00172E57 /* webview.swift */; };
		6E5468B62C1784C400172E57 /* userprofilePrivate.swift in Sources */ = {isa = PBXBuildFile; fileRef = 6E5468B52C1784C400172E57 /* userprofilePrivate.swift */; };
		6E5468B82C178CFB00172E57 /* admin.swift in Sources */ = {isa = PBXBuildFile; fileRef = 6E5468B72C178CFB00172E57 /* admin.swift */; };
		6EB9D1522C19970B00163D55 /* cs.jpg in Resources */ = {isa = PBXBuildFile; fileRef = 6EB9D1512C19970B00163D55 /* cs.jpg */; };
		6EC7EA322BFFC151009B814C /* signup.swift in Sources */ = {isa = PBXBuildFile; fileRef = 6EC7EA312BFFC151009B814C /* signup.swift */; };
		6EE423E52C19A3AA00B70B5E /* userprofilePublic.swift in Sources */ = {isa = PBXBuildFile; fileRef = 6EE423E42C19A3AA00B70B5E /* userprofilePublic.swift */; };
		6EE423E72C19A6DF00B70B5E /* commentdisplay.swift in Sources */ = {isa = PBXBuildFile; fileRef = 6EE423E62C19A6DF00B70B5E /* commentdisplay.swift */; };
		6EE423E92C19AB9A00B70B5E /* NotificationParent.swift in Sources */ = {isa = PBXBuildFile; fileRef = 6EE423E82C19AB9A00B70B5E /* NotificationParent.swift */; };
		6EE423EB2C19AC4800B70B5E /* NotificationViewUser.swift in Sources */ = {isa = PBXBuildFile; fileRef = 6EE423EA2C19AC4800B70B5E /* NotificationViewUser.swift */; };
		6EE423ED2C19B39500B70B5E /* NotificationsView2.swift in Sources */ = {isa = PBXBuildFile; fileRef = 6EE423EC2C19B39500B70B5E /* NotificationsView2.swift */; };
		6EE423EF2C19F94400B70B5E /* CommentsView.swift in Sources */ = {isa = PBXBuildFile; fileRef = 6EE423EE2C19F94400B70B5E /* CommentsView.swift */; };
		6EE423F12C19F9C200B70B5E /* CommentsModel.swift in Sources */ = {isa = PBXBuildFile; fileRef = 6EE423F02C19F9C200B70B5E /* CommentsModel.swift */; };
		6EE423F32C1A3A8700B70B5E /* loggedinuser.swift in Sources */ = {isa = PBXBuildFile; fileRef = 6EE423F22C1A3A8700B70B5E /* loggedinuser.swift */; };
		6EE423F52C1AAA6D00B70B5E /* SearchView.swift in Sources */ = {isa = PBXBuildFile; fileRef = 6EE423F42C1AAA6D00B70B5E /* SearchView.swift */; };
		6EE62C1D2BFE721F00D8029F /* login.swift in Sources */ = {isa = PBXBuildFile; fileRef = 6EE62C1C2BFE721F00D8029F /* login.swift */; };
		6EED56812C10B72000A72975 /* conversion.swift in Sources */ = {isa = PBXBuildFile; fileRef = 6EED56802C10B72000A72975 /* conversion.swift */; };
		6EED56832C10B76E00A72975 /* verification.swift in Sources */ = {isa = PBXBuildFile; fileRef = 6EED56822C10B76E00A72975 /* verification.swift */; };
		6EED56872C10CEEF00A72975 /* headshotsfunction.swift in Sources */ = {isa = PBXBuildFile; fileRef = 6EED56862C10CEEF00A72975 /* headshotsfunction.swift */; };
		6EED56892C10CFD200A72975 /* headshotsverification.swift in Sources */ = {isa = PBXBuildFile; fileRef = 6EED56882C10CFD200A72975 /* headshotsverification.swift */; };
		6EED568B2C10E8E700A72975 /* supmodel.swift in Sources */ = {isa = PBXBuildFile; fileRef = 6EED568A2C10E8E700A72975 /* supmodel.swift */; };
		6EED568D2C111EFE00A72975 /* Screenshot 2024-06-05 at 6.03.08 PM.png in Resources */ = {isa = PBXBuildFile; fileRef = 6EED568C2C111EFE00A72975 /* Screenshot 2024-06-05 at 6.03.08 PM.png */; };
/* End PBXBuildFile section */

/* Begin PBXFileReference section */
		6E1CD8122BFE95B10051177F /* Info.plist */ = {isa = PBXFileReference; lastKnownFileType = text.plist.xml; path = Info.plist; sourceTree = "<group>"; };
		6E23F93A2C0A5A2200B4CB8D /* uploadimg.swift */ = {isa = PBXFileReference; lastKnownFileType = sourcecode.swift; path = uploadimg.swift; sourceTree = "<group>"; };
		6E23FA072C0D39E200B4CB8D /* userprofile02.swift */ = {isa = PBXFileReference; lastKnownFileType = sourcecode.swift; path = userprofile02.swift; sourceTree = "<group>"; };
		6E23FA092C0D3A5000B4CB8D /* phpThumb_generated_thumbnail-removebg-preview.png */ = {isa = PBXFileReference; lastKnownFileType = image.png; path = "phpThumb_generated_thumbnail-removebg-preview.png"; sourceTree = "<group>"; };
		6E23FA0B2C0D6EAF00B4CB8D /* logout.swift */ = {isa = PBXFileReference; lastKnownFileType = sourcecode.swift; path = logout.swift; sourceTree = "<group>"; };
		6E23FA0D2C0D745700B4CB8D /* loginform.swift */ = {isa = PBXFileReference; lastKnownFileType = sourcecode.swift; path = loginform.swift; sourceTree = "<group>"; };
		6E23FA0F2C0D753D00B4CB8D /* loginfunction.swift */ = {isa = PBXFileReference; lastKnownFileType = sourcecode.swift; path = loginfunction.swift; sourceTree = "<group>"; };
		6E23FA112C0D78F300B4CB8D /* userprofile1.swift */ = {isa = PBXFileReference; lastKnownFileType = sourcecode.swift; path = userprofile1.swift; sourceTree = "<group>"; };
		6E23FA132C0D799900B4CB8D /* userprofile2.swift */ = {isa = PBXFileReference; lastKnownFileType = sourcecode.swift; path = userprofile2.swift; sourceTree = "<group>"; };
		6E23FA152C0D79D300B4CB8D /* grids.swift */ = {isa = PBXFileReference; lastKnownFileType = sourcecode.swift; path = grids.swift; sourceTree = "<group>"; };
		6E23FA172C0D7A2900B4CB8D /* profile.swift */ = {isa = PBXFileReference; lastKnownFileType = sourcecode.swift; path = profile.swift; sourceTree = "<group>"; };
		6E23FA192C0D7A6900B4CB8D /* commentbox.swift */ = {isa = PBXFileReference; lastKnownFileType = sourcecode.swift; path = commentbox.swift; sourceTree = "<group>"; };
		6E23FA1B2C0D890700B4CB8D /* usermodel.swift */ = {isa = PBXFileReference; lastKnownFileType = sourcecode.swift; path = usermodel.swift; sourceTree = "<group>"; };
		6E23FA1D2C0D8ACC00B4CB8D /* userprofileblocks.swift */ = {isa = PBXFileReference; lastKnownFileType = sourcecode.swift; path = userprofileblocks.swift; sourceTree = "<group>"; };
		6E23FA212C0D922600B4CB8D /* userprofile03.swift */ = {isa = PBXFileReference; lastKnownFileType = sourcecode.swift; path = userprofile03.swift; sourceTree = "<group>"; };
		6E23FA232C0D9B8100B4CB8D /* uploadfunction.swift */ = {isa = PBXFileReference; lastKnownFileType = sourcecode.swift; path = uploadfunction.swift; sourceTree = "<group>"; };
		6E23FA252C0D9CEF00B4CB8D /* userprofile04.swift */ = {isa = PBXFileReference; lastKnownFileType = sourcecode.swift; path = userprofile04.swift; sourceTree = "<group>"; };
		6E23FA272C0D9EC300B4CB8D /* userprofile01.swift */ = {isa = PBXFileReference; lastKnownFileType = sourcecode.swift; path = userprofile01.swift; sourceTree = "<group>"; };
		6E23FA292C0E397000B4CB8D /* session.swift */ = {isa = PBXFileReference; lastKnownFileType = sourcecode.swift; path = session.swift; sourceTree = "<group>"; };
		6E23FA302C0F6B6300B4CB8D /* Wildy-Sans.ttf */ = {isa = PBXFileReference; lastKnownFileType = file; path = "Wildy-Sans.ttf"; sourceTree = "<group>"; };
		6E23FA312C0F6B6300B4CB8D /* VarsityTeam-Bold.otf */ = {isa = PBXFileReference; lastKnownFileType = file; path = "VarsityTeam-Bold.otf"; sourceTree = "<group>"; };
		6E23FA322C0F6B6300B4CB8D /* CaviarDreams.ttf */ = {isa = PBXFileReference; lastKnownFileType = file; path = CaviarDreams.ttf; sourceTree = "<group>"; };
		6E23FA332C0F6B6300B4CB8D /* Winter Wind.ttf */ = {isa = PBXFileReference; lastKnownFileType = file; path = "Winter Wind.ttf"; sourceTree = "<group>"; };
		6E23FA342C0F6B6300B4CB8D /* varsity_regular.ttf */ = {isa = PBXFileReference; lastKnownFileType = file; path = varsity_regular.ttf; sourceTree = "<group>"; };
		6E23FA3C2C0F714500B4CB8D /* splash.png */ = {isa = PBXFileReference; lastKnownFileType = image.png; path = splash.png; sourceTree = "<group>"; };
		6E23FA3E2C0F739600B4CB8D /* propic.png */ = {isa = PBXFileReference; lastKnownFileType = image.png; path = propic.png; sourceTree = "<group>"; };
		6E23FA402C0F7E0100B4CB8D /* headshots.swift */ = {isa = PBXFileReference; lastKnownFileType = sourcecode.swift; path = headshots.swift; sourceTree = "<group>"; };
		6E23FA422C0F7E4200B4CB8D /* lookupbox.swift */ = {isa = PBXFileReference; fileEncoding = 4; lastKnownFileType = sourcecode.swift; path = lookupbox.swift; sourceTree = "<group>"; };
		6E23FA442C0F7EBA00B4CB8D /* Searchfor.swift */ = {isa = PBXFileReference; fileEncoding = 4; lastKnownFileType = sourcecode.swift; path = Searchfor.swift; sourceTree = "<group>"; };
		6E23FA452C0F7EBA00B4CB8D /* MyTabbar.swift */ = {isa = PBXFileReference; fileEncoding = 4; lastKnownFileType = sourcecode.swift; path = MyTabbar.swift; sourceTree = "<group>"; };
		6E23FA462C0F7EBA00B4CB8D /* Sampledata.swift */ = {isa = PBXFileReference; fileEncoding = 4; lastKnownFileType = sourcecode.swift; path = Sampledata.swift; sourceTree = "<group>"; };
		6E23FA472C0F7EBA00B4CB8D /* tb.swift */ = {isa = PBXFileReference; fileEncoding = 4; lastKnownFileType = sourcecode.swift; path = tb.swift; sourceTree = "<group>"; };
		6E23FA4E2C0F818800B4CB8D /* piv.swift */ = {isa = PBXFileReference; fileEncoding = 4; lastKnownFileType = sourcecode.swift; path = piv.swift; sourceTree = "<group>"; };
		6E23FA4F2C0F818800B4CB8D /* SuperlativesApp.swift */ = {isa = PBXFileReference; fileEncoding = 4; lastKnownFileType = sourcecode.swift; path = SuperlativesApp.swift; sourceTree = "<group>"; };
		6E23FA502C0F818800B4CB8D /* CategoryView.swift */ = {isa = PBXFileReference; fileEncoding = 4; lastKnownFileType = sourcecode.swift; path = CategoryView.swift; sourceTree = "<group>"; };
		6E23FA512C0F818800B4CB8D /* CustomTab.swift */ = {isa = PBXFileReference; fileEncoding = 4; lastKnownFileType = sourcecode.swift; path = CustomTab.swift; sourceTree = "<group>"; };
		6E23FA522C0F818800B4CB8D /* AlertView.swift */ = {isa = PBXFileReference; fileEncoding = 4; lastKnownFileType = sourcecode.swift; path = AlertView.swift; sourceTree = "<group>"; };
		6E23FA532C0F818800B4CB8D /* NotificationsView.swift */ = {isa = PBXFileReference; fileEncoding = 4; lastKnownFileType = sourcecode.swift; path = NotificationsView.swift; sourceTree = "<group>"; };
		6E23FA5A2C0F843600B4CB8D /* sup.swift */ = {isa = PBXFileReference; lastKnownFileType = sourcecode.swift; path = sup.swift; sourceTree = "<group>"; };
		6E23FA5D2C0FADC700B4CB8D /* tabstonavigate.swift */ = {isa = PBXFileReference; lastKnownFileType = sourcecode.swift; path = tabstonavigate.swift; sourceTree = "<group>"; };
		6E41EF722BF28978003EF5DE /* fproject.app */ = {isa = PBXFileReference; explicitFileType = wrapper.application; includeInIndex = 0; path = fproject.app; sourceTree = BUILT_PRODUCTS_DIR; };
		6E41EF752BF28978003EF5DE /* fprojectApp.swift */ = {isa = PBXFileReference; lastKnownFileType = sourcecode.swift; path = fprojectApp.swift; sourceTree = "<group>"; };
		6E41EF772BF28978003EF5DE /* ContentView.swift */ = {isa = PBXFileReference; lastKnownFileType = sourcecode.swift; path = ContentView.swift; sourceTree = "<group>"; };
		6E41EF792BF2897A003EF5DE /* Assets.xcassets */ = {isa = PBXFileReference; lastKnownFileType = folder.assetcatalog; path = Assets.xcassets; sourceTree = "<group>"; };
		6E41EF7C2BF2897A003EF5DE /* Preview Assets.xcassets */ = {isa = PBXFileReference; lastKnownFileType = folder.assetcatalog; path = "Preview Assets.xcassets"; sourceTree = "<group>"; };
		6E41EF832BF28A9C003EF5DE /* scroll.swift */ = {isa = PBXFileReference; lastKnownFileType = sourcecode.swift; path = scroll.swift; sourceTree = "<group>"; };
		6E41EF852BF2952E003EF5DE /* scroll2.swift */ = {isa = PBXFileReference; lastKnownFileType = sourcecode.swift; path = scroll2.swift; sourceTree = "<group>"; };
		6E41EF872BF3E08D003EF5DE /* scroll3.swift */ = {isa = PBXFileReference; lastKnownFileType = sourcecode.swift; path = scroll3.swift; sourceTree = "<group>"; };
		6E41EF892BF5222A003EF5DE /* page1.swift */ = {isa = PBXFileReference; lastKnownFileType = sourcecode.swift; path = page1.swift; sourceTree = "<group>"; };
		6E41EF8B2BF5528B003EF5DE /* page1a.swift */ = {isa = PBXFileReference; lastKnownFileType = sourcecode.swift; path = page1a.swift; sourceTree = "<group>"; };
		6E41EF8D2BF7ECE2003EF5DE /* signin.swift */ = {isa = PBXFileReference; lastKnownFileType = sourcecode.swift; path = signin.swift; sourceTree = "<group>"; };
		6E41EF8F2BF7EDB3003EF5DE /* signin2.swift */ = {isa = PBXFileReference; lastKnownFileType = sourcecode.swift; path = signin2.swift; sourceTree = "<group>"; };
		6E41EF912BF7EF6F003EF5DE /* fproject.entitlements */ = {isa = PBXFileReference; lastKnownFileType = text.plist.entitlements; path = fproject.entitlements; sourceTree = "<group>"; };
		6E5468B12C176B2A00172E57 /* webegress.swift */ = {isa = PBXFileReference; lastKnownFileType = sourcecode.swift; path = webegress.swift; sourceTree = "<group>"; };
		6E5468B32C176D0F00172E57 /* webview.swift */ = {isa = PBXFileReference; lastKnownFileType = sourcecode.swift; path = webview.swift; sourceTree = "<group>"; };
		6E5468B52C1784C400172E57 /* userprofilePrivate.swift */ = {isa = PBXFileReference; lastKnownFileType = sourcecode.swift; path = userprofilePrivate.swift; sourceTree = "<group>"; };
		6E5468B72C178CFB00172E57 /* admin.swift */ = {isa = PBXFileReference; lastKnownFileType = sourcecode.swift; path = admin.swift; sourceTree = "<group>"; };
		6EB9D1512C19970B00163D55 /* cs.jpg */ = {isa = PBXFileReference; lastKnownFileType = image.jpeg; path = cs.jpg; sourceTree = "<group>"; };
		6EC7EA312BFFC151009B814C /* signup.swift */ = {isa = PBXFileReference; lastKnownFileType = sourcecode.swift; path = signup.swift; sourceTree = "<group>"; };
		6EE423E42C19A3AA00B70B5E /* userprofilePublic.swift */ = {isa = PBXFileReference; lastKnownFileType = sourcecode.swift; path = userprofilePublic.swift; sourceTree = "<group>"; };
		6EE423E62C19A6DF00B70B5E /* commentdisplay.swift */ = {isa = PBXFileReference; lastKnownFileType = sourcecode.swift; path = commentdisplay.swift; sourceTree = "<group>"; };
		6EE423E82C19AB9A00B70B5E /* NotificationParent.swift */ = {isa = PBXFileReference; lastKnownFileType = sourcecode.swift; path = NotificationParent.swift; sourceTree = "<group>"; };
		6EE423EA2C19AC4800B70B5E /* NotificationViewUser.swift */ = {isa = PBXFileReference; lastKnownFileType = sourcecode.swift; path = NotificationViewUser.swift; sourceTree = "<group>"; };
		6EE423EC2C19B39500B70B5E /* NotificationsView2.swift */ = {isa = PBXFileReference; lastKnownFileType = sourcecode.swift; path = NotificationsView2.swift; sourceTree = "<group>"; };
		6EE423EE2C19F94400B70B5E /* CommentsView.swift */ = {isa = PBXFileReference; lastKnownFileType = sourcecode.swift; path = CommentsView.swift; sourceTree = "<group>"; };
		6EE423F02C19F9C200B70B5E /* CommentsModel.swift */ = {isa = PBXFileReference; lastKnownFileType = sourcecode.swift; path = CommentsModel.swift; sourceTree = "<group>"; };
		6EE423F22C1A3A8700B70B5E /* loggedinuser.swift */ = {isa = PBXFileReference; lastKnownFileType = sourcecode.swift; path = loggedinuser.swift; sourceTree = "<group>"; };
		6EE423F42C1AAA6D00B70B5E /* SearchView.swift */ = {isa = PBXFileReference; lastKnownFileType = sourcecode.swift; path = SearchView.swift; sourceTree = "<group>"; };
		6EE62C1C2BFE721F00D8029F /* login.swift */ = {isa = PBXFileReference; lastKnownFileType = sourcecode.swift; path = login.swift; sourceTree = "<group>"; };
		6EED56802C10B72000A72975 /* conversion.swift */ = {isa = PBXFileReference; lastKnownFileType = sourcecode.swift; path = conversion.swift; sourceTree = "<group>"; };
		6EED56822C10B76E00A72975 /* verification.swift */ = {isa = PBXFileReference; lastKnownFileType = sourcecode.swift; path = verification.swift; sourceTree = "<group>"; };
		6EED56862C10CEEF00A72975 /* headshotsfunction.swift */ = {isa = PBXFileReference; lastKnownFileType = sourcecode.swift; path = headshotsfunction.swift; sourceTree = "<group>"; };
		6EED56882C10CFD200A72975 /* headshotsverification.swift */ = {isa = PBXFileReference; lastKnownFileType = sourcecode.swift; path = headshotsverification.swift; sourceTree = "<group>"; };
		6EED568A2C10E8E700A72975 /* supmodel.swift */ = {isa = PBXFileReference; lastKnownFileType = sourcecode.swift; path = supmodel.swift; sourceTree = "<group>"; };
		6EED568C2C111EFE00A72975 /* Screenshot 2024-06-05 at 6.03.08 PM.png */ = {isa = PBXFileReference; lastKnownFileType = image.png; path = "Screenshot 2024-06-05 at 6.03.08 PM.png"; sourceTree = "<group>"; };
/* End PBXFileReference section */

/* Begin PBXFrameworksBuildPhase section */
		6E41EF6F2BF28978003EF5DE /* Frameworks */ = {
			isa = PBXFrameworksBuildPhase;
			buildActionMask = 2147483647;
			files = (
			);
			runOnlyForDeploymentPostprocessing = 0;
		};
/* End PBXFrameworksBuildPhase section */

/* Begin PBXGroup section */
		6E23FA5C2C0F852300B4CB8D /* Pages */ = {
			isa = PBXGroup;
			children = (
				6E23FA5D2C0FADC700B4CB8D /* tabstonavigate.swift */,
				6EED56822C10B76E00A72975 /* verification.swift */,
				6EC7EA312BFFC151009B814C /* signup.swift */,
				6EE62C1C2BFE721F00D8029F /* login.swift */,
				6E5468B52C1784C400172E57 /* userprofilePrivate.swift */,
				6EE423E42C19A3AA00B70B5E /* userprofilePublic.swift */,
				6E23FA5A2C0F843600B4CB8D /* sup.swift */,
				6E23FA402C0F7E0100B4CB8D /* headshots.swift */,
				6E41EF772BF28978003EF5DE /* ContentView.swift */,
				6E5468B72C178CFB00172E57 /* admin.swift */,
				6EE423F22C1A3A8700B70B5E /* loggedinuser.swift */,
			);
			path = Pages;
			sourceTree = "<group>";
		};
		6E41EF692BF28978003EF5DE = {
			isa = PBXGroup;
			children = (
				6E23FA5C2C0F852300B4CB8D /* Pages */,
				6E41EF742BF28978003EF5DE /* fproject */,
				6E41EF732BF28978003EF5DE /* Products */,
			);
			sourceTree = "<group>";
		};
		6E41EF732BF28978003EF5DE /* Products */ = {
			isa = PBXGroup;
			children = (
				6E41EF722BF28978003EF5DE /* fproject.app */,
			);
			name = Products;
			sourceTree = "<group>";
		};
		6E41EF742BF28978003EF5DE /* fproject */ = {
			isa = PBXGroup;
			children = (
				6E23F93A2C0A5A2200B4CB8D /* uploadimg.swift */,
				6EE423F42C1AAA6D00B70B5E /* SearchView.swift */,
				6E23FA1B2C0D890700B4CB8D /* usermodel.swift */,
				6EE423F02C19F9C200B70B5E /* CommentsModel.swift */,
				6EE423EE2C19F94400B70B5E /* CommentsView.swift */,
				6E23FA0F2C0D753D00B4CB8D /* loginfunction.swift */,
				6EED56862C10CEEF00A72975 /* headshotsfunction.swift */,
				6EED56882C10CFD200A72975 /* headshotsverification.swift */,
				6EE423E62C19A6DF00B70B5E /* commentdisplay.swift */,
				6EED568A2C10E8E700A72975 /* supmodel.swift */,
				6E41EF752BF28978003EF5DE /* fprojectApp.swift */,
				6E23FA462C0F7EBA00B4CB8D /* Sampledata.swift */,
				6E23FA442C0F7EBA00B4CB8D /* Searchfor.swift */,
				6E23FA472C0F7EBA00B4CB8D /* tb.swift */,
				6E23FA422C0F7E4200B4CB8D /* lookupbox.swift */,
				6E23FA292C0E397000B4CB8D /* session.swift */,
				6E23FA272C0D9EC300B4CB8D /* userprofile01.swift */,
				6E23FA072C0D39E200B4CB8D /* userprofile02.swift */,
				6E23FA212C0D922600B4CB8D /* userprofile03.swift */,
				6E23FA252C0D9CEF00B4CB8D /* userprofile04.swift */,
				6E23FA232C0D9B8100B4CB8D /* uploadfunction.swift */,
				6E23FA192C0D7A6900B4CB8D /* commentbox.swift */,
				6E23FA172C0D7A2900B4CB8D /* profile.swift */,
				6E23FA152C0D79D300B4CB8D /* grids.swift */,
				6E23FA0D2C0D745700B4CB8D /* loginform.swift */,
				6E23FA0B2C0D6EAF00B4CB8D /* logout.swift */,
				6E23FA112C0D78F300B4CB8D /* userprofile1.swift */,
				6E23FA132C0D799900B4CB8D /* userprofile2.swift */,
				6E23FA1D2C0D8ACC00B4CB8D /* userprofileblocks.swift */,
				6E41EF8F2BF7EDB3003EF5DE /* signin2.swift */,
				6E41EF8D2BF7ECE2003EF5DE /* signin.swift */,
				6E41EF8B2BF5528B003EF5DE /* page1a.swift */,
				6E23FA452C0F7EBA00B4CB8D /* MyTabbar.swift */,
				6E41EF892BF5222A003EF5DE /* page1.swift */,
				6E1CD8122BFE95B10051177F /* Info.plist */,
				6E41EF912BF7EF6F003EF5DE /* fproject.entitlements */,
				6E41EF872BF3E08D003EF5DE /* scroll3.swift */,
				6E41EF832BF28A9C003EF5DE /* scroll.swift */,
				6E41EF852BF2952E003EF5DE /* scroll2.swift */,
				6E23FA522C0F818800B4CB8D /* AlertView.swift */,
				6E23FA502C0F818800B4CB8D /* CategoryView.swift */,
				6E23FA512C0F818800B4CB8D /* CustomTab.swift */,
				6E23FA532C0F818800B4CB8D /* NotificationsView.swift */,
				6EE423EC2C19B39500B70B5E /* NotificationsView2.swift */,
				6EE423E82C19AB9A00B70B5E /* NotificationParent.swift */,
				6EE423EA2C19AC4800B70B5E /* NotificationViewUser.swift */,
				6E23FA4E2C0F818800B4CB8D /* piv.swift */,
				6E23FA4F2C0F818800B4CB8D /* SuperlativesApp.swift */,
				6EED56802C10B72000A72975 /* conversion.swift */,
				6E5468B32C176D0F00172E57 /* webview.swift */,
				6E5468B12C176B2A00172E57 /* webegress.swift */,
				6E41EF792BF2897A003EF5DE /* Assets.xcassets */,
				6E23FA3E2C0F739600B4CB8D /* propic.png */,
				6EB9D1512C19970B00163D55 /* cs.jpg */,
				6EED568C2C111EFE00A72975 /* Screenshot 2024-06-05 at 6.03.08 PM.png */,
				6E23FA3C2C0F714500B4CB8D /* splash.png */,
				6E23FA322C0F6B6300B4CB8D /* CaviarDreams.ttf */,
				6E23FA342C0F6B6300B4CB8D /* varsity_regular.ttf */,
				6E23FA312C0F6B6300B4CB8D /* VarsityTeam-Bold.otf */,
				6E23FA302C0F6B6300B4CB8D /* Wildy-Sans.ttf */,
				6E23FA332C0F6B6300B4CB8D /* Winter Wind.ttf */,
				6E41EF7B2BF2897A003EF5DE /* Preview Content */,
			);
			path = fproject;
			sourceTree = "<group>";
		};
		6E41EF7B2BF2897A003EF5DE /* Preview Content */ = {
			isa = PBXGroup;
			children = (
				6E23FA092C0D3A5000B4CB8D /* phpThumb_generated_thumbnail-removebg-preview.png */,
				6E41EF7C2BF2897A003EF5DE /* Preview Assets.xcassets */,
			);
			path = "Preview Content";
			sourceTree = "<group>";
		};
/* End PBXGroup section */

/* Begin PBXNativeTarget section */
		6E41EF712BF28978003EF5DE /* fproject */ = {
			isa = PBXNativeTarget;
			buildConfigurationList = 6E41EF802BF2897A003EF5DE /* Build configuration list for PBXNativeTarget "fproject" */;
			buildPhases = (
				6E41EF6E2BF28978003EF5DE /* Sources */,
				6E41EF6F2BF28978003EF5DE /* Frameworks */,
				6E41EF702BF28978003EF5DE /* Resources */,
			);
			buildRules = (
			);
			dependencies = (
			);
			name = fproject;
			productName = fproject;
			productReference = 6E41EF722BF28978003EF5DE /* fproject.app */;
			productType = "com.apple.product-type.application";
		};
/* End PBXNativeTarget section */

/* Begin PBXProject section */
		6E41EF6A2BF28978003EF5DE /* Project object */ = {
			isa = PBXProject;
			attributes = {
				BuildIndependentTargetsInParallel = 1;
				LastSwiftUpdateCheck = 1500;
				LastUpgradeCheck = 1500;
				TargetAttributes = {
					6E41EF712BF28978003EF5DE = {
						CreatedOnToolsVersion = 15.0;
					};
				};
			};
			buildConfigurationList = 6E41EF6D2BF28978003EF5DE /* Build configuration list for PBXProject "fproject" */;
			compatibilityVersion = "Xcode 14.0";
			developmentRegion = en;
			hasScannedForEncodings = 0;
			knownRegions = (
				en,
				Base,
			);
			mainGroup = 6E41EF692BF28978003EF5DE;
			productRefGroup = 6E41EF732BF28978003EF5DE /* Products */;
			projectDirPath = "";
			projectRoot = "";
			targets = (
				6E41EF712BF28978003EF5DE /* fproject */,
			);
		};
/* End PBXProject section */

/* Begin PBXResourcesBuildPhase section */
		6E41EF702BF28978003EF5DE /* Resources */ = {
			isa = PBXResourcesBuildPhase;
			buildActionMask = 2147483647;
			files = (
				6E41EF7D2BF2897A003EF5DE /* Preview Assets.xcassets in Resources */,
				6E23FA352C0F6B6300B4CB8D /* Wildy-Sans.ttf in Resources */,
				6E23FA3D2C0F714500B4CB8D /* splash.png in Resources */,
				6E23FA392C0F6B6300B4CB8D /* varsity_regular.ttf in Resources */,
				6E23FA372C0F6B6300B4CB8D /* CaviarDreams.ttf in Resources */,
				6E23FA0A2C0D3A5000B4CB8D /* phpThumb_generated_thumbnail-removebg-preview.png in Resources */,
				6E23FA382C0F6B6300B4CB8D /* Winter Wind.ttf in Resources */,
				6E23FA362C0F6B6300B4CB8D /* VarsityTeam-Bold.otf in Resources */,
				6E41EF7A2BF2897A003EF5DE /* Assets.xcassets in Resources */,
				6EED568D2C111EFE00A72975 /* Screenshot 2024-06-05 at 6.03.08 PM.png in Resources */,
				6E23FA3F2C0F739600B4CB8D /* propic.png in Resources */,
				6EB9D1522C19970B00163D55 /* cs.jpg in Resources */,
			);
			runOnlyForDeploymentPostprocessing = 0;
		};
/* End PBXResourcesBuildPhase section */

/* Begin PBXSourcesBuildPhase section */
		6E41EF6E2BF28978003EF5DE /* Sources */ = {
			isa = PBXSourcesBuildPhase;
			buildActionMask = 2147483647;
			files = (
				6E41EF842BF28A9C003EF5DE /* scroll.swift in Sources */,
				6E23FA142C0D799900B4CB8D /* userprofile2.swift in Sources */,
				6EED56812C10B72000A72975 /* conversion.swift in Sources */,
				6E23FA242C0D9B8100B4CB8D /* uploadfunction.swift in Sources */,
				6E5468B42C176D0F00172E57 /* webview.swift in Sources */,
				6E23FA1A2C0D7A6900B4CB8D /* commentbox.swift in Sources */,
				6E23FA572C0F818800B4CB8D /* CustomTab.swift in Sources */,
				6E23FA102C0D753D00B4CB8D /* loginfunction.swift in Sources */,
				6EE423F52C1AAA6D00B70B5E /* SearchView.swift in Sources */,
				6E23FA542C0F818800B4CB8D /* piv.swift in Sources */,
				6E41EF862BF2952E003EF5DE /* scroll2.swift in Sources */,
				6E23FA582C0F818800B4CB8D /* AlertView.swift in Sources */,
				6E23FA5E2C0FADC700B4CB8D /* tabstonavigate.swift in Sources */,
				6E41EF8A2BF5222A003EF5DE /* page1.swift in Sources */,
				6E23FA262C0D9CEF00B4CB8D /* userprofile04.swift in Sources */,
				6E23FA4A2C0F7EBA00B4CB8D /* Sampledata.swift in Sources */,
				6EE423E52C19A3AA00B70B5E /* userprofilePublic.swift in Sources */,
				6EED56872C10CEEF00A72975 /* headshotsfunction.swift in Sources */,
				6EE423F32C1A3A8700B70B5E /* loggedinuser.swift in Sources */,
				6E5468B62C1784C400172E57 /* userprofilePrivate.swift in Sources */,
				6E23FA2A2C0E397000B4CB8D /* session.swift in Sources */,
				6EC7EA322BFFC151009B814C /* signup.swift in Sources */,
				6EE423EF2C19F94400B70B5E /* CommentsView.swift in Sources */,
				6E23FA122C0D78F300B4CB8D /* userprofile1.swift in Sources */,
				6E41EF902BF7EDB3003EF5DE /* signin2.swift in Sources */,
				6EE62C1D2BFE721F00D8029F /* login.swift in Sources */,
				6E23FA1C2C0D890700B4CB8D /* usermodel.swift in Sources */,
				6E23FA552C0F818800B4CB8D /* SuperlativesApp.swift in Sources */,
				6E23F93B2C0A5A2200B4CB8D /* uploadimg.swift in Sources */,
				6EE423ED2C19B39500B70B5E /* NotificationsView2.swift in Sources */,
				6E23FA222C0D922600B4CB8D /* userprofile03.swift in Sources */,
				6E41EF8C2BF5528B003EF5DE /* page1a.swift in Sources */,
				6E23FA082C0D39E200B4CB8D /* userprofile02.swift in Sources */,
				6E41EF882BF3E08D003EF5DE /* scroll3.swift in Sources */,
				6E5468B82C178CFB00172E57 /* admin.swift in Sources */,
				6E23FA182C0D7A2900B4CB8D /* profile.swift in Sources */,
				6E23FA412C0F7E0100B4CB8D /* headshots.swift in Sources */,
				6EED56832C10B76E00A72975 /* verification.swift in Sources */,
				6E23FA5B2C0F843600B4CB8D /* sup.swift in Sources */,
				6E23FA282C0D9EC300B4CB8D /* userprofile01.swift in Sources */,
				6E23FA4B2C0F7EBA00B4CB8D /* tb.swift in Sources */,
				6E5468B22C176B2A00172E57 /* webegress.swift in Sources */,
				6EE423E92C19AB9A00B70B5E /* NotificationParent.swift in Sources */,
				6E23FA0E2C0D745700B4CB8D /* loginform.swift in Sources */,
				6E41EF782BF28978003EF5DE /* ContentView.swift in Sources */,
				6E41EF762BF28978003EF5DE /* fprojectApp.swift in Sources */,
				6E23FA592C0F818800B4CB8D /* NotificationsView.swift in Sources */,
				6E23FA562C0F818800B4CB8D /* CategoryView.swift in Sources */,
				6E23FA432C0F7E4200B4CB8D /* lookupbox.swift in Sources */,
				6E23FA1E2C0D8ACC00B4CB8D /* userprofileblocks.swift in Sources */,
				6EED56892C10CFD200A72975 /* headshotsverification.swift in Sources */,
				6EED568B2C10E8E700A72975 /* supmodel.swift in Sources */,
				6E23FA492C0F7EBA00B4CB8D /* MyTabbar.swift in Sources */,
				6E41EF8E2BF7ECE2003EF5DE /* signin.swift in Sources */,
				6EE423EB2C19AC4800B70B5E /* NotificationViewUser.swift in Sources */,
				6E23FA0C2C0D6EAF00B4CB8D /* logout.swift in Sources */,
				6EE423E72C19A6DF00B70B5E /* commentdisplay.swift in Sources */,
				6E23FA482C0F7EBA00B4CB8D /* Searchfor.swift in Sources */,
				6E23FA162C0D79D300B4CB8D /* grids.swift in Sources */,
				6EE423F12C19F9C200B70B5E /* CommentsModel.swift in Sources */,
			);
			runOnlyForDeploymentPostprocessing = 0;
		};
/* End PBXSourcesBuildPhase section */

/* Begin XCBuildConfiguration section */
		6E41EF7E2BF2897A003EF5DE /* Debug */ = {
			isa = XCBuildConfiguration;
			buildSettings = {
				ALWAYS_SEARCH_USER_PATHS = NO;
				ASSETCATALOG_COMPILER_GENERATE_SWIFT_ASSET_SYMBOL_EXTENSIONS = YES;
				CLANG_ANALYZER_NONNULL = YES;
				CLANG_ANALYZER_NUMBER_OBJECT_CONVERSION = YES_AGGRESSIVE;
				CLANG_CXX_LANGUAGE_STANDARD = "gnu++20";
				CLANG_ENABLE_MODULES = YES;
				CLANG_ENABLE_OBJC_ARC = YES;
				CLANG_ENABLE_OBJC_WEAK = YES;
				CLANG_WARN_BLOCK_CAPTURE_AUTORELEASING = YES;
				CLANG_WARN_BOOL_CONVERSION = YES;
				CLANG_WARN_COMMA = YES;
				CLANG_WARN_CONSTANT_CONVERSION = YES;
				CLANG_WARN_DEPRECATED_OBJC_IMPLEMENTATIONS = YES;
				CLANG_WARN_DIRECT_OBJC_ISA_USAGE = YES_ERROR;
				CLANG_WARN_DOCUMENTATION_COMMENTS = YES;
				CLANG_WARN_EMPTY_BODY = YES;
				CLANG_WARN_ENUM_CONVERSION = YES;
				CLANG_WARN_INFINITE_RECURSION = YES;
				CLANG_WARN_INT_CONVERSION = YES;
				CLANG_WARN_NON_LITERAL_NULL_CONVERSION = YES;
				CLANG_WARN_OBJC_IMPLICIT_RETAIN_SELF = YES;
				CLANG_WARN_OBJC_LITERAL_CONVERSION = YES;
				CLANG_WARN_OBJC_ROOT_CLASS = YES_ERROR;
				CLANG_WARN_QUOTED_INCLUDE_IN_FRAMEWORK_HEADER = YES;
				CLANG_WARN_RANGE_LOOP_ANALYSIS = YES;
				CLANG_WARN_STRICT_PROTOTYPES = YES;
				CLANG_WARN_SUSPICIOUS_MOVE = YES;
				CLANG_WARN_UNGUARDED_AVAILABILITY = YES_AGGRESSIVE;
				CLANG_WARN_UNREACHABLE_CODE = YES;
				CLANG_WARN__DUPLICATE_METHOD_MATCH = YES;
				COPY_PHASE_STRIP = NO;
				DEBUG_INFORMATION_FORMAT = dwarf;
				ENABLE_STRICT_OBJC_MSGSEND = YES;
				ENABLE_TESTABILITY = YES;
				ENABLE_USER_SCRIPT_SANDBOXING = YES;
				GCC_C_LANGUAGE_STANDARD = gnu17;
				GCC_DYNAMIC_NO_PIC = NO;
				GCC_NO_COMMON_BLOCKS = YES;
				GCC_OPTIMIZATION_LEVEL = 0;
				GCC_PREPROCESSOR_DEFINITIONS = (
					"DEBUG=1",
					"$(inherited)",
				);
				GCC_WARN_64_TO_32_BIT_CONVERSION = YES;
				GCC_WARN_ABOUT_RETURN_TYPE = YES_ERROR;
				GCC_WARN_UNDECLARED_SELECTOR = YES;
				GCC_WARN_UNINITIALIZED_AUTOS = YES_AGGRESSIVE;
				GCC_WARN_UNUSED_FUNCTION = YES;
				GCC_WARN_UNUSED_VARIABLE = YES;
				IPHONEOS_DEPLOYMENT_TARGET = 17.0;
				LOCALIZATION_PREFERS_STRING_CATALOGS = YES;
				MTL_ENABLE_DEBUG_INFO = INCLUDE_SOURCE;
				MTL_FAST_MATH = YES;
				ONLY_ACTIVE_ARCH = YES;
				SDKROOT = iphoneos;
				SWIFT_ACTIVE_COMPILATION_CONDITIONS = "DEBUG $(inherited)";
				SWIFT_OPTIMIZATION_LEVEL = "-Onone";
			};
			name = Debug;
		};
		6E41EF7F2BF2897A003EF5DE /* Release */ = {
			isa = XCBuildConfiguration;
			buildSettings = {
				ALWAYS_SEARCH_USER_PATHS = NO;
				ASSETCATALOG_COMPILER_GENERATE_SWIFT_ASSET_SYMBOL_EXTENSIONS = YES;
				CLANG_ANALYZER_NONNULL = YES;
				CLANG_ANALYZER_NUMBER_OBJECT_CONVERSION = YES_AGGRESSIVE;
				CLANG_CXX_LANGUAGE_STANDARD = "gnu++20";
				CLANG_ENABLE_MODULES = YES;
				CLANG_ENABLE_OBJC_ARC = YES;
				CLANG_ENABLE_OBJC_WEAK = YES;
				CLANG_WARN_BLOCK_CAPTURE_AUTORELEASING = YES;
				CLANG_WARN_BOOL_CONVERSION = YES;
				CLANG_WARN_COMMA = YES;
				CLANG_WARN_CONSTANT_CONVERSION = YES;
				CLANG_WARN_DEPRECATED_OBJC_IMPLEMENTATIONS = YES;
				CLANG_WARN_DIRECT_OBJC_ISA_USAGE = YES_ERROR;
				CLANG_WARN_DOCUMENTATION_COMMENTS = YES;
				CLANG_WARN_EMPTY_BODY = YES;
				CLANG_WARN_ENUM_CONVERSION = YES;
				CLANG_WARN_INFINITE_RECURSION = YES;
				CLANG_WARN_INT_CONVERSION = YES;
				CLANG_WARN_NON_LITERAL_NULL_CONVERSION = YES;
				CLANG_WARN_OBJC_IMPLICIT_RETAIN_SELF = YES;
				CLANG_WARN_OBJC_LITERAL_CONVERSION = YES;
				CLANG_WARN_OBJC_ROOT_CLASS = YES_ERROR;
				CLANG_WARN_QUOTED_INCLUDE_IN_FRAMEWORK_HEADER = YES;
				CLANG_WARN_RANGE_LOOP_ANALYSIS = YES;
				CLANG_WARN_STRICT_PROTOTYPES = YES;
				CLANG_WARN_SUSPICIOUS_MOVE = YES;
				CLANG_WARN_UNGUARDED_AVAILABILITY = YES_AGGRESSIVE;
				CLANG_WARN_UNREACHABLE_CODE = YES;
				CLANG_WARN__DUPLICATE_METHOD_MATCH = YES;
				COPY_PHASE_STRIP = NO;
				DEBUG_INFORMATION_FORMAT = "dwarf-with-dsym";
				ENABLE_NS_ASSERTIONS = NO;
				ENABLE_STRICT_OBJC_MSGSEND = YES;
				ENABLE_USER_SCRIPT_SANDBOXING = YES;
				GCC_C_LANGUAGE_STANDARD = gnu17;
				GCC_NO_COMMON_BLOCKS = YES;
				GCC_WARN_64_TO_32_BIT_CONVERSION = YES;
				GCC_WARN_ABOUT_RETURN_TYPE = YES_ERROR;
				GCC_WARN_UNDECLARED_SELECTOR = YES;
				GCC_WARN_UNINITIALIZED_AUTOS = YES_AGGRESSIVE;
				GCC_WARN_UNUSED_FUNCTION = YES;
				GCC_WARN_UNUSED_VARIABLE = YES;
				IPHONEOS_DEPLOYMENT_TARGET = 17.0;
				LOCALIZATION_PREFERS_STRING_CATALOGS = YES;
				MTL_ENABLE_DEBUG_INFO = NO;
				MTL_FAST_MATH = YES;
				SDKROOT = iphoneos;
				SWIFT_COMPILATION_MODE = wholemodule;
				VALIDATE_PRODUCT = YES;
			};
			name = Release;
		};
		6E41EF812BF2897A003EF5DE /* Debug */ = {
			isa = XCBuildConfiguration;
			buildSettings = {
				ASSETCATALOG_COMPILER_APPICON_NAME = AppIcon;
				ASSETCATALOG_COMPILER_GLOBAL_ACCENT_COLOR_NAME = AccentColor;
				CODE_SIGN_ENTITLEMENTS = fproject/fproject.entitlements;
				CODE_SIGN_STYLE = Automatic;
				CURRENT_PROJECT_VERSION = 1;
				DEVELOPMENT_ASSET_PATHS = "\"fproject/Preview Content\"";
				DEVELOPMENT_TEAM = 27NAVVN5Q9;
				ENABLE_PREVIEWS = YES;
				GENERATE_INFOPLIST_FILE = YES;
				INFOPLIST_FILE = fproject/Info.plist;
				INFOPLIST_KEY_CFBundleDisplayName = TC;
				INFOPLIST_KEY_LSApplicationCategoryType = "";
				INFOPLIST_KEY_UIApplicationSceneManifest_Generation = YES;
				INFOPLIST_KEY_UIApplicationSupportsIndirectInputEvents = YES;
				INFOPLIST_KEY_UILaunchScreen_Generation = YES;
				INFOPLIST_KEY_UISupportedInterfaceOrientations_iPad = "UIInterfaceOrientationPortrait UIInterfaceOrientationPortraitUpsideDown UIInterfaceOrientationLandscapeLeft UIInterfaceOrientationLandscapeRight";
				INFOPLIST_KEY_UISupportedInterfaceOrientations_iPhone = "UIInterfaceOrientationPortrait UIInterfaceOrientationLandscapeLeft UIInterfaceOrientationLandscapeRight";
				LD_RUNPATH_SEARCH_PATHS = (
					"$(inherited)",
					"@executable_path/Frameworks",
				);
				MARKETING_VERSION = 4;
				PRODUCT_BUNDLE_IDENTIFIER = Com.Dwayne.YearBook;
				PRODUCT_NAME = "$(TARGET_NAME)";
				SWIFT_EMIT_LOC_STRINGS = YES;
				SWIFT_VERSION = 5.0;
				TARGETED_DEVICE_FAMILY = "1,2";
			};
			name = Debug;
		};
		6E41EF822BF2897A003EF5DE /* Release */ = {
			isa = XCBuildConfiguration;
			buildSettings = {
				ASSETCATALOG_COMPILER_APPICON_NAME = AppIcon;
				ASSETCATALOG_COMPILER_GLOBAL_ACCENT_COLOR_NAME = AccentColor;
				CODE_SIGN_ENTITLEMENTS = fproject/fproject.entitlements;
				CODE_SIGN_STYLE = Automatic;
				CURRENT_PROJECT_VERSION = 1;
				DEVELOPMENT_ASSET_PATHS = "\"fproject/Preview Content\"";
				DEVELOPMENT_TEAM = 27NAVVN5Q9;
				ENABLE_PREVIEWS = YES;
				GENERATE_INFOPLIST_FILE = YES;
				INFOPLIST_FILE = fproject/Info.plist;
				INFOPLIST_KEY_CFBundleDisplayName = TC;
				INFOPLIST_KEY_LSApplicationCategoryType = "";
				INFOPLIST_KEY_UIApplicationSceneManifest_Generation = YES;
				INFOPLIST_KEY_UIApplicationSupportsIndirectInputEvents = YES;
				INFOPLIST_KEY_UILaunchScreen_Generation = YES;
				INFOPLIST_KEY_UISupportedInterfaceOrientations_iPad = "UIInterfaceOrientationPortrait UIInterfaceOrientationPortraitUpsideDown UIInterfaceOrientationLandscapeLeft UIInterfaceOrientationLandscapeRight";
				INFOPLIST_KEY_UISupportedInterfaceOrientations_iPhone = "UIInterfaceOrientationPortrait UIInterfaceOrientationLandscapeLeft UIInterfaceOrientationLandscapeRight";
				LD_RUNPATH_SEARCH_PATHS = (
					"$(inherited)",
					"@executable_path/Frameworks",
				);
				MARKETING_VERSION = 4;
				PRODUCT_BUNDLE_IDENTIFIER = Com.Dwayne.YearBook;
				PRODUCT_NAME = "$(TARGET_NAME)";
				SWIFT_EMIT_LOC_STRINGS = YES;
				SWIFT_VERSION = 5.0;
				TARGETED_DEVICE_FAMILY = "1,2";
			};
			name = Release;
		};
/* End XCBuildConfiguration section */

/* Begin XCConfigurationList section */
		6E41EF6D2BF28978003EF5DE /* Build configuration list for PBXProject "fproject" */ = {
			isa = XCConfigurationList;
			buildConfigurations = (
				6E41EF7E2BF2897A003EF5DE /* Debug */,
				6E41EF7F2BF2897A003EF5DE /* Release */,
			);
			defaultConfigurationIsVisible = 0;
			defaultConfigurationName = Release;
		};
		6E41EF802BF2897A003EF5DE /* Build configuration list for PBXNativeTarget "fproject" */ = {
			isa = XCConfigurationList;
			buildConfigurations = (
				6E41EF812BF2897A003EF5DE /* Debug */,
				6E41EF822BF2897A003EF5DE /* Release */,
			);
			defaultConfigurationIsVisible = 0;
			defaultConfigurationName = Release;
		};
/* End XCConfigurationList section */
	};
	rootObject = 6E41EF6A2BF28978003EF5DE /* Project object */;
}
